
Microsoft Visual Studio Solution File, Format Version 12.00
# Visual Studio Version 17
VisualStudioVersion = 17.4.33205.214
MinimumVisualStudioVersion = 10.0.40219.1
Project("{FAE04EC0-301F-11D3-BF4B-00C04F79EFBC}") = "WebCamLib", "WebCamLib\WebCamLib.csproj", "{87913CFC-F7B0-4EF1-84C4-FEDBE532182F}"
EndProject
Project("{FAE04EC0-301F-11D3-BF4B-00C04F79EFBC}") = "WebCamTest", "WebCamTest\WebCamTest.csproj", "{4605DFC4-3F41-4D5C-9C12-8F223FF0E6B1}"
EndProject
Project("{FAE04EC0-301F-11D3-BF4B-00C04F79EFBC}") = "WebCam", "WebCam\WebCam.csproj", "{23210FFE-D1B6-4F60-BD57-D3FE6E33B75E}"
EndProject
Global
	GlobalSection(SolutionConfigurationPlatforms) = preSolution
		Debug|Any CPU = Debug|Any CPU
		Release|Any CPU = Release|Any CPU
	EndGlobalSection
	GlobalSection(ProjectConfigurationPlatforms) = postSolution
		{87913CFC-F7B0-4EF1-84C4-FEDBE532182F}.Debug|Any CPU.ActiveCfg = Debug|Any CPU
		{87913CFC-F7B0-4EF1-84C4-FEDBE532182F}.Debug|Any CPU.Build.0 = Debug|Any CPU
		{87913CFC-F7B0-4EF1-84C4-FEDBE532182F}.Release|Any CPU.ActiveCfg = Release|Any CPU
		{87913CFC-F7B0-4EF1-84C4-FEDBE532182F}.Release|Any CPU.Build.0 = Release|Any CPU
		{4605DFC4-3F41-4D5C-9C12-8F223FF0E6B1}.Debug|Any CPU.ActiveCfg = Debug|Any CPU
		{4605DFC4-3F41-4D5C-9C12-8F223FF0E6B1}.Debug|Any CPU.Build.0 = Debug|Any CPU
		{4605DFC4-3F41-4D5C-9C12-8F223FF0E6B1}.Release|Any CPU.ActiveCfg = Release|Any CPU
		{4605DFC4-3F41-4D5C-9C12-8F223FF0E6B1}.Release|Any CPU.Build.0 = Release|Any CPU
		{23210FFE-D1B6-4F60-BD57-D3FE6E33B75E}.Debug|Any CPU.ActiveCfg = Debug|Any CPU
		{23210FFE-D1B6-4F60-BD57-D3FE6E33B75E}.Debug|Any CPU.Build.0 = Debug|Any CPU
		{23210FFE-D1B6-4F60-BD57-D3FE6E33B75E}.Release|Any CPU.ActiveCfg = Release|Any CPU
		{23210FFE-D1B6-4F60-BD57-D3FE6E33B75E}.Release|Any CPU.Build.0 = Release|Any CPU
	EndGlobalSection
	GlobalSection(SolutionProperties) = preSolution
		HideSolutionNode = FALSE
	EndGlobalSection
	GlobalSection(ExtensibilityGlobals) = postSolution
		SolutionGuid = {1087893A-FA28-4534-9066-086B351C5D60}
	EndGlobalSection
EndGlobal
